// !$*UTF8*$!
{
	archiveVersion = 1;
	classes = {
	};
	objectVersion = 46;
	objects = {

/* Begin PBXBuildFile section */
		9C1BD8F5137F12F700ED09D2 /* Foundation.framework in Frameworks */ = {isa = PBXBuildFile; fileRef = 9C1BD8F4137F12F700ED09D2 /* Foundation.framework */; };
		9C1BDB59137F15F800ED09D2 /* TWExtractor.h in Headers */ = {isa = PBXBuildFile; fileRef = 9C1BDB57137F15F800ED09D2 /* TWExtractor.h */; };
		9C1BDB5A137F15F800ED09D2 /* TWExtractor.m in Sources */ = {isa = PBXBuildFile; fileRef = 9C1BDB58137F15F800ED09D2 /* TWExtractor.m */; };
		9C1BDBB313800F7E00ED09D2 /* RegexKitLite.m in Sources */ = {isa = PBXBuildFile; fileRef = 9C1BDBB113800F7E00ED09D2 /* RegexKitLite.m */; };
		9C1BDBB61380194F00ED09D2 /* TWEntity.h in Headers */ = {isa = PBXBuildFile; fileRef = 9C1BDBB41380194F00ED09D2 /* TWEntity.h */; };
		9C1BDBB71380194F00ED09D2 /* TWEntity.m in Sources */ = {isa = PBXBuildFile; fileRef = 9C1BDBB51380194F00ED09D2 /* TWEntity.m */; };
		9C1BDBB913801C2400ED09D2 /* TwitterText.h in Headers */ = {isa = PBXBuildFile; fileRef = 9C1BDBB813801C2400ED09D2 /* TwitterText.h */; };
		9C44B2EB138021E50032844D /* TWRegex.m in Sources */ = {isa = PBXBuildFile; fileRef = 9C44B2E9138021E50032844D /* TWRegex.m */; };
		9C44B2F81384AE250032844D /* TWHitHighlighter.h in Headers */ = {isa = PBXBuildFile; fileRef = 9C44B2F61384AE210032844D /* TWHitHighlighter.h */; };
		9C44B2F91384AE250032844D /* TWHitHighlighter.m in Sources */ = {isa = PBXBuildFile; fileRef = 9C44B2F71384AE220032844D /* TWHitHighlighter.m */; };
		9C44B3001384AF310032844D /* TWAutolink.h in Headers */ = {isa = PBXBuildFile; fileRef = 9C44B2FE1384AF2D0032844D /* TWAutolink.h */; };
		9C44B3011384AF310032844D /* TWAutolink.m in Sources */ = {isa = PBXBuildFile; fileRef = 9C44B2FF1384AF2F0032844D /* TWAutolink.m */; };
		9CC4FB1D13A06021007083C0 /* libicucore.dylib in Frameworks */ = {isa = PBXBuildFile; fileRef = 9CC4FB1C13A06021007083C0 /* libicucore.dylib */; };
/* End PBXBuildFile section */

/* Begin PBXFileReference section */
		9C1BD8F1137F12F700ED09D2 /* libTwitterText.a */ = {isa = PBXFileReference; explicitFileType = archive.ar; includeInIndex = 0; path = libTwitterText.a; sourceTree = BUILT_PRODUCTS_DIR; };
		9C1BD8F4137F12F700ED09D2 /* Foundation.framework */ = {isa = PBXFileReference; lastKnownFileType = wrapper.framework; name = Foundation.framework; path = System/Library/Frameworks/Foundation.framework; sourceTree = SDKROOT; };
		9C1BD8F8137F12F700ED09D2 /* TwitterText-Prefix.pch */ = {isa = PBXFileReference; lastKnownFileType = sourcecode.c.h; path = "TwitterText-Prefix.pch"; sourceTree = "<group>"; };
		9C1BDB57137F15F800ED09D2 /* TWExtractor.h */ = {isa = PBXFileReference; fileEncoding = 4; lastKnownFileType = sourcecode.c.h; path = TWExtractor.h; sourceTree = "<group>"; };
		9C1BDB58137F15F800ED09D2 /* TWExtractor.m */ = {isa = PBXFileReference; fileEncoding = 4; lastKnownFileType = sourcecode.c.objc; path = TWExtractor.m; sourceTree = "<group>"; };
		9C1BDBB013800F7E00ED09D2 /* RegexKitLite.h */ = {isa = PBXFileReference; fileEncoding = 4; lastKnownFileType = sourcecode.c.h; path = RegexKitLite.h; sourceTree = "<group>"; };
		9C1BDBB113800F7E00ED09D2 /* RegexKitLite.m */ = {isa = PBXFileReference; fileEncoding = 4; lastKnownFileType = sourcecode.c.objc; path = RegexKitLite.m; sourceTree = "<group>"; };
		9C1BDBB41380194F00ED09D2 /* TWEntity.h */ = {isa = PBXFileReference; fileEncoding = 4; lastKnownFileType = sourcecode.c.h; path = TWEntity.h; sourceTree = "<group>"; };
		9C1BDBB51380194F00ED09D2 /* TWEntity.m */ = {isa = PBXFileReference; fileEncoding = 4; lastKnownFileType = sourcecode.c.objc; path = TWEntity.m; sourceTree = "<group>"; };
		9C1BDBB813801C2400ED09D2 /* TwitterText.h */ = {isa = PBXFileReference; fileEncoding = 4; lastKnownFileType = sourcecode.c.h; path = TwitterText.h; sourceTree = "<group>"; };
		9C44B2E8138021E50032844D /* TWRegex.h */ = {isa = PBXFileReference; fileEncoding = 4; lastKnownFileType = sourcecode.c.h; path = TWRegex.h; sourceTree = "<group>"; };
		9C44B2E9138021E50032844D /* TWRegex.m */ = {isa = PBXFileReference; fileEncoding = 4; lastKnownFileType = sourcecode.c.objc; path = TWRegex.m; sourceTree = "<group>"; };
		9C44B2F61384AE210032844D /* TWHitHighlighter.h */ = {isa = PBXFileReference; fileEncoding = 4; lastKnownFileType = sourcecode.c.h; path = TWHitHighlighter.h; sourceTree = "<group>"; };
		9C44B2F71384AE220032844D /* TWHitHighlighter.m */ = {isa = PBXFileReference; fileEncoding = 4; lastKnownFileType = sourcecode.c.objc; path = TWHitHighlighter.m; sourceTree = "<group>"; };
		9C44B2FE1384AF2D0032844D /* TWAutolink.h */ = {isa = PBXFileReference; fileEncoding = 4; lastKnownFileType = sourcecode.c.h; path = TWAutolink.h; sourceTree = "<group>"; };
		9C44B2FF1384AF2F0032844D /* TWAutolink.m */ = {isa = PBXFileReference; fileEncoding = 4; lastKnownFileType = sourcecode.c.objc; path = TWAutolink.m; sourceTree = "<group>"; };
		9CC4FB1C13A06021007083C0 /* libicucore.dylib */ = {isa = PBXFileReference; lastKnownFileType = "compiled.mach-o.dylib"; name = libicucore.dylib; path = usr/lib/libicucore.dylib; sourceTree = SDKROOT; };
/* End PBXFileReference section */

/* Begin PBXFrameworksBuildPhase section */
		9C1BD8EE137F12F700ED09D2 /* Frameworks */ = {
			isa = PBXFrameworksBuildPhase;
			buildActionMask = 2147483647;
			files = (
				9CC4FB1D13A06021007083C0 /* libicucore.dylib in Frameworks */,
				9C1BD8F5137F12F700ED09D2 /* Foundation.framework in Frameworks */,
			);
			runOnlyForDeploymentPostprocessing = 0;
		};
/* End PBXFrameworksBuildPhase section */

/* Begin PBXGroup section */
		9C1BD8E6137F12F700ED09D2 = {
			isa = PBXGroup;
			children = (
				9C1BD8F6137F12F700ED09D2 /* TwitterText */,
				9C1BD8F3137F12F700ED09D2 /* Frameworks */,
				9C1BD8F2137F12F700ED09D2 /* Products */,
			);
			sourceTree = "<group>";
			tabWidth = 4;
		};
		9C1BD8F2137F12F700ED09D2 /* Products */ = {
			isa = PBXGroup;
			children = (
				9C1BD8F1137F12F700ED09D2 /* libTwitterText.a */,
			);
			name = Products;
			sourceTree = "<group>";
		};
		9C1BD8F3137F12F700ED09D2 /* Frameworks */ = {
			isa = PBXGroup;
			children = (
				9C1BD8F4137F12F700ED09D2 /* Foundation.framework */,
				9CC4FB1C13A06021007083C0 /* libicucore.dylib */,
			);
			name = Frameworks;
			sourceTree = "<group>";
		};
		9C1BD8F6137F12F700ED09D2 /* TwitterText */ = {
			isa = PBXGroup;
			children = (
				9C1BDBB813801C2400ED09D2 /* TwitterText.h */,
				9C44B2E8138021E50032844D /* TWRegex.h */,
				9C44B2E9138021E50032844D /* TWRegex.m */,
				9C1BDBB41380194F00ED09D2 /* TWEntity.h */,
				9C1BDBB51380194F00ED09D2 /* TWEntity.m */,
				9C1BDB57137F15F800ED09D2 /* TWExtractor.h */,
				9C1BDB58137F15F800ED09D2 /* TWExtractor.m */,
				9C44B2F61384AE210032844D /* TWHitHighlighter.h */,
				9C44B2F71384AE220032844D /* TWHitHighlighter.m */,
				9C44B2FE1384AF2D0032844D /* TWAutolink.h */,
				9C44B2FF1384AF2F0032844D /* TWAutolink.m */,
				9C1BDBAE13800F7E00ED09D2 /* RegExKitLite */,
				9C1BD8F7137F12F700ED09D2 /* Supporting Files */,
			);
			path = TwitterText;
			sourceTree = "<group>";
		};
		9C1BD8F7137F12F700ED09D2 /* Supporting Files */ = {
			isa = PBXGroup;
			children = (
				9C1BD8F8137F12F700ED09D2 /* TwitterText-Prefix.pch */,
			);
			name = "Supporting Files";
			sourceTree = "<group>";
		};
		9C1BDBAE13800F7E00ED09D2 /* RegExKitLite */ = {
			isa = PBXGroup;
			children = (
				9C1BDBB013800F7E00ED09D2 /* RegexKitLite.h */,
				9C1BDBB113800F7E00ED09D2 /* RegexKitLite.m */,
			);
			path = RegExKitLite;
			sourceTree = "<group>";
		};
/* End PBXGroup section */

/* Begin PBXHeadersBuildPhase section */
		9C1BD8EF137F12F700ED09D2 /* Headers */ = {
			isa = PBXHeadersBuildPhase;
			buildActionMask = 2147483647;
			files = (
				9C1BDBB913801C2400ED09D2 /* TwitterText.h in Headers */,
				9C1BDB59137F15F800ED09D2 /* TWExtractor.h in Headers */,
				9C1BDBB61380194F00ED09D2 /* TWEntity.h in Headers */,
				9C44B2F81384AE250032844D /* TWHitHighlighter.h in Headers */,
				9C44B3001384AF310032844D /* TWAutolink.h in Headers */,
			);
			runOnlyForDeploymentPostprocessing = 0;
		};
/* End PBXHeadersBuildPhase section */

/* Begin PBXNativeTarget section */
		9C1BD8F0137F12F700ED09D2 /* TwitterText */ = {
			isa = PBXNativeTarget;
			buildConfigurationList = 9C1BD914137F12F800ED09D2 /* Build configuration list for PBXNativeTarget "TwitterText" */;
			buildPhases = (
				9C1BD8ED137F12F700ED09D2 /* Sources */,
				9C1BD8EE137F12F700ED09D2 /* Frameworks */,
				9C1BD8EF137F12F700ED09D2 /* Headers */,
			);
			buildRules = (
			);
			dependencies = (
			);
			name = TwitterText;
			productName = TwitterText;
			productReference = 9C1BD8F1137F12F700ED09D2 /* libTwitterText.a */;
			productType = "com.apple.product-type.library.static";
		};
/* End PBXNativeTarget section */

/* Begin PBXProject section */
		9C1BD8E8137F12F700ED09D2 /* Project object */ = {
			isa = PBXProject;
			attributes = {
				ORGANIZATIONNAME = "Sixten Otto";
			};
			buildConfigurationList = 9C1BD8EB137F12F700ED09D2 /* Build configuration list for PBXProject "TwitterText" */;
			compatibilityVersion = "Xcode 3.2";
			developmentRegion = English;
			hasScannedForEncodings = 0;
			knownRegions = (
				en,
			);
			mainGroup = 9C1BD8E6137F12F700ED09D2;
			productRefGroup = 9C1BD8F2137F12F700ED09D2 /* Products */;
			projectDirPath = "";
			projectRoot = "";
			targets = (
				9C1BD8F0137F12F700ED09D2 /* TwitterText */,
			);
		};
/* End PBXProject section */

/* Begin PBXSourcesBuildPhase section */
		9C1BD8ED137F12F700ED09D2 /* Sources */ = {
			isa = PBXSourcesBuildPhase;
			buildActionMask = 2147483647;
			files = (
				9C1BDB5A137F15F800ED09D2 /* TWExtractor.m in Sources */,
				9C1BDBB313800F7E00ED09D2 /* RegexKitLite.m in Sources */,
				9C1BDBB71380194F00ED09D2 /* TWEntity.m in Sources */,
				9C44B2EB138021E50032844D /* TWRegex.m in Sources */,
				9C44B2F91384AE250032844D /* TWHitHighlighter.m in Sources */,
				9C44B3011384AF310032844D /* TWAutolink.m in Sources */,
			);
			runOnlyForDeploymentPostprocessing = 0;
		};
/* End PBXSourcesBuildPhase section */

/* Begin XCBuildConfiguration section */
		9C1BD912137F12F800ED09D2 /* Debug */ = {
			isa = XCBuildConfiguration;
			buildSettings = {
				ALWAYS_SEARCH_USER_PATHS = NO;
				ARCHS = "$(ARCHS_STANDARD_32_BIT)";
				GCC_C_LANGUAGE_STANDARD = gnu99;
				GCC_OPTIMIZATION_LEVEL = 0;
				GCC_PREPROCESSOR_DEFINITIONS = DEBUG;
				GCC_SYMBOLS_PRIVATE_EXTERN = NO;
				GCC_VERSION = com.apple.compilers.llvm.clang.1_0;
				GCC_WARN_ABOUT_RETURN_TYPE = YES;
				GCC_WARN_UNUSED_VARIABLE = YES;
				IPHONEOS_DEPLOYMENT_TARGET = 3.2;
				OTHER_LDFLAGS = (
					"-ObjC",
					"-all_load",
				);
				SDKROOT = iphoneos;
			};
			name = Debug;
		};
		9C1BD913137F12F800ED09D2 /* Release */ = {
			isa = XCBuildConfiguration;
			buildSettings = {
				ALWAYS_SEARCH_USER_PATHS = NO;
				ARCHS = "$(ARCHS_STANDARD_32_BIT)";
				GCC_C_LANGUAGE_STANDARD = gnu99;
				GCC_VERSION = com.apple.compilers.llvm.clang.1_0;
				GCC_WARN_ABOUT_RETURN_TYPE = YES;
				GCC_WARN_UNUSED_VARIABLE = YES;
				IPHONEOS_DEPLOYMENT_TARGET = 3.2;
				OTHER_LDFLAGS = (
					"-ObjC",
					"-all_load",
				);
				SDKROOT = iphoneos;
			};
			name = Release;
		};
		9C1BD915137F12F800ED09D2 /* Debug */ = {
			isa = XCBuildConfiguration;
			buildSettings = {
				DSTROOT = /tmp/TwitterText.dst;
				GCC_PRECOMPILE_PREFIX_HEADER = YES;
				GCC_PREFIX_HEADER = "TwitterText/TwitterText-Prefix.pch";
				PRODUCT_NAME = "$(TARGET_NAME)";
				SKIP_INSTALL = YES;
			};
			name = Debug;
		};
		9C1BD916137F12F800ED09D2 /* Release */ = {
			isa = XCBuildConfiguration;
			buildSettings = {
				DSTROOT = /tmp/TwitterText.dst;
				GCC_PRECOMPILE_PREFIX_HEADER = YES;
				GCC_PREFIX_HEADER = "TwitterText/TwitterText-Prefix.pch";
				PRODUCT_NAME = "$(TARGET_NAME)";
				SKIP_INSTALL = YES;
			};
			name = Release;
		};
/* End XCBuildConfiguration section */

/* Begin XCConfigurationList section */
		9C1BD8EB137F12F700ED09D2 /* Build configuration list for PBXProject "TwitterText" */ = {
			isa = XCConfigurationList;
			buildConfigurations = (
				9C1BD912137F12F800ED09D2 /* Debug */,
				9C1BD913137F12F800ED09D2 /* Release */,
			);
			defaultConfigurationIsVisible = 0;
			defaultConfigurationName = Release;
		};
		9C1BD914137F12F800ED09D2 /* Build configuration list for PBXNativeTarget "TwitterText" */ = {
			isa = XCConfigurationList;
			buildConfigurations = (
				9C1BD915137F12F800ED09D2 /* Debug */,
				9C1BD916137F12F800ED09D2 /* Release */,
			);
			defaultConfigurationIsVisible = 0;
			defaultConfigurationName = Release;
		};
/* End XCConfigurationList section */
	};
	rootObject = 9C1BD8E8137F12F700ED09D2 /* Project object */;
}
